// !$*UTF8*$!
{
	archiveVersion = 1;
	classes = {
	};
	objectVersion = 50;
	objects = {

/* Begin PBXBuildFile section */
		534BCEC8244679380098EE80 /* AppDelegate.swift in Sources */ = {isa = PBXBuildFile; fileRef = 534BCEC7244679380098EE80 /* AppDelegate.swift */; };
		534BCECA244679380098EE80 /* SceneDelegate.swift in Sources */ = {isa = PBXBuildFile; fileRef = 534BCEC9244679380098EE80 /* SceneDelegate.swift */; };
		534BCECC244679380098EE80 /* ContentView.swift in Sources */ = {isa = PBXBuildFile; fileRef = 534BCECB244679380098EE80 /* ContentView.swift */; };
		534BCECE244679390098EE80 /* Assets.xcassets in Resources */ = {isa = PBXBuildFile; fileRef = 534BCECD244679390098EE80 /* Assets.xcassets */; };
		534BCED1244679390098EE80 /* Preview Assets.xcassets in Resources */ = {isa = PBXBuildFile; fileRef = 534BCED0244679390098EE80 /* Preview Assets.xcassets */; };
		534BCED4244679390098EE80 /* LaunchScreen.storyboard in Resources */ = {isa = PBXBuildFile; fileRef = 534BCED2244679390098EE80 /* LaunchScreen.storyboard */; };
		534BCEDF24467ACD0098EE80 /* Gauss.swift in Sources */ = {isa = PBXBuildFile; fileRef = 534BCEDE24467ACD0098EE80 /* Gauss.swift */; };
		534BCEE224474CE30098EE80 /* Equations.swift in Sources */ = {isa = PBXBuildFile; fileRef = 534BCEE124474CE30098EE80 /* Equations.swift */; };
		534E4D6627B0936B00029E55 /* VerificationProblems.swift in Sources */ = {isa = PBXBuildFile; fileRef = 534E4D6527B0936B00029E55 /* VerificationProblems.swift */; };
		534E4D6827B15A4500029E55 /* VerificationProblemsView.swift in Sources */ = {isa = PBXBuildFile; fileRef = 534E4D6727B15A4500029E55 /* VerificationProblemsView.swift */; };
		534E749827B0089A00CC8943 /* AboutView.swift in Sources */ = {isa = PBXBuildFile; fileRef = 534E749727B0089A00CC8943 /* AboutView.swift */; };
		538515AD27A4A94C008DAA98 /* FileNamer.swift in Sources */ = {isa = PBXBuildFile; fileRef = 538515AC27A4A94C008DAA98 /* FileNamer.swift */; };
		538515AF27A5E746008DAA98 /* NewProblemView.swift in Sources */ = {isa = PBXBuildFile; fileRef = 538515AE27A5E746008DAA98 /* NewProblemView.swift */; };
		538E50862448EE430055911E /* State.swift in Sources */ = {isa = PBXBuildFile; fileRef = 538E50852448EE430055911E /* State.swift */; };
		538E5089244C939E0055911E /* EquationsView.swift in Sources */ = {isa = PBXBuildFile; fileRef = 538E5088244C939E0055911E /* EquationsView.swift */; };
/* End PBXBuildFile section */

/* Begin PBXFileReference section */
		534BCEC4244679380098EE80 /* EquationSolver.app */ = {isa = PBXFileReference; explicitFileType = wrapper.application; includeInIndex = 0; path = EquationSolver.app; sourceTree = BUILT_PRODUCTS_DIR; };
		534BCEC7244679380098EE80 /* AppDelegate.swift */ = {isa = PBXFileReference; lastKnownFileType = sourcecode.swift; path = AppDelegate.swift; sourceTree = "<group>"; };
		534BCEC9244679380098EE80 /* SceneDelegate.swift */ = {isa = PBXFileReference; lastKnownFileType = sourcecode.swift; path = SceneDelegate.swift; sourceTree = "<group>"; };
		534BCECB244679380098EE80 /* ContentView.swift */ = {isa = PBXFileReference; lastKnownFileType = sourcecode.swift; path = ContentView.swift; sourceTree = "<group>"; };
		534BCECD244679390098EE80 /* Assets.xcassets */ = {isa = PBXFileReference; lastKnownFileType = folder.assetcatalog; path = Assets.xcassets; sourceTree = "<group>"; };
		534BCED0244679390098EE80 /* Preview Assets.xcassets */ = {isa = PBXFileReference; lastKnownFileType = folder.assetcatalog; path = "Preview Assets.xcassets"; sourceTree = "<group>"; };
		534BCED3244679390098EE80 /* Base */ = {isa = PBXFileReference; lastKnownFileType = file.storyboard; name = Base; path = Base.lproj/LaunchScreen.storyboard; sourceTree = "<group>"; };
		534BCED5244679390098EE80 /* Info.plist */ = {isa = PBXFileReference; lastKnownFileType = text.plist.xml; path = Info.plist; sourceTree = "<group>"; };
		534BCEDE24467ACD0098EE80 /* Gauss.swift */ = {isa = PBXFileReference; fileEncoding = 4; lastKnownFileType = sourcecode.swift; path = Gauss.swift; sourceTree = "<group>"; };
		534BCEE124474CE30098EE80 /* Equations.swift */ = {isa = PBXFileReference; lastKnownFileType = sourcecode.swift; path = Equations.swift; sourceTree = "<group>"; };
		534E4D6527B0936B00029E55 /* VerificationProblems.swift */ = {isa = PBXFileReference; lastKnownFileType = sourcecode.swift; path = VerificationProblems.swift; sourceTree = "<group>"; };
		534E4D6727B15A4500029E55 /* VerificationProblemsView.swift */ = {isa = PBXFileReference; lastKnownFileType = sourcecode.swift; path = VerificationProblemsView.swift; sourceTree = "<group>"; };
		534E749727B0089A00CC8943 /* AboutView.swift */ = {isa = PBXFileReference; lastKnownFileType = sourcecode.swift; path = AboutView.swift; sourceTree = "<group>"; };
		538515AC27A4A94C008DAA98 /* FileNamer.swift */ = {isa = PBXFileReference; fileEncoding = 4; lastKnownFileType = sourcecode.swift; path = FileNamer.swift; sourceTree = "<group>"; };
		538515AE27A5E746008DAA98 /* NewProblemView.swift */ = {isa = PBXFileReference; lastKnownFileType = sourcecode.swift; path = NewProblemView.swift; sourceTree = "<group>"; };
		538E50852448EE430055911E /* State.swift */ = {isa = PBXFileReference; lastKnownFileType = sourcecode.swift; path = State.swift; sourceTree = "<group>"; };
		538E5088244C939E0055911E /* EquationsView.swift */ = {isa = PBXFileReference; lastKnownFileType = sourcecode.swift; path = EquationsView.swift; sourceTree = "<group>"; };
/* End PBXFileReference section */

/* Begin PBXFrameworksBuildPhase section */
		534BCEC1244679380098EE80 /* Frameworks */ = {
			isa = PBXFrameworksBuildPhase;
			buildActionMask = 2147483647;
			files = (
			);
			runOnlyForDeploymentPostprocessing = 0;
		};
/* End PBXFrameworksBuildPhase section */

/* Begin PBXGroup section */
		534BCEBB244679380098EE80 = {
			isa = PBXGroup;
			children = (
				534BCEC6244679380098EE80 /* EquationSolver */,
				534BCEC5244679380098EE80 /* Products */,
			);
			sourceTree = "<group>";
		};
		534BCEC5244679380098EE80 /* Products */ = {
			isa = PBXGroup;
			children = (
				534BCEC4244679380098EE80 /* EquationSolver.app */,
			);
			name = Products;
			sourceTree = "<group>";
		};
		534BCEC6244679380098EE80 /* EquationSolver */ = {
			isa = PBXGroup;
			children = (
				534E4D6427B0934600029E55 /* VerificationProblems */,
				538E5087244C93780055911E /* Views */,
				534BCEE024474CC40098EE80 /* Equations */,
				534BCEDD24467AA50098EE80 /* Gauss */,
				534BCEC7244679380098EE80 /* AppDelegate.swift */,
				534BCEC9244679380098EE80 /* SceneDelegate.swift */,
				538E50852448EE430055911E /* State.swift */,
				534BCECD244679390098EE80 /* Assets.xcassets */,
				534BCED2244679390098EE80 /* LaunchScreen.storyboard */,
				534BCED5244679390098EE80 /* Info.plist */,
				534BCECF244679390098EE80 /* Preview Content */,
			);
			path = EquationSolver;
			sourceTree = "<group>";
		};
		534BCECF244679390098EE80 /* Preview Content */ = {
			isa = PBXGroup;
			children = (
				534BCED0244679390098EE80 /* Preview Assets.xcassets */,
			);
			path = "Preview Content";
			sourceTree = "<group>";
		};
		534BCEDD24467AA50098EE80 /* Gauss */ = {
			isa = PBXGroup;
			children = (
				534BCEDE24467ACD0098EE80 /* Gauss.swift */,
			);
			path = Gauss;
			sourceTree = "<group>";
		};
		534BCEE024474CC40098EE80 /* Equations */ = {
			isa = PBXGroup;
			children = (
				534BCEE124474CE30098EE80 /* Equations.swift */,
			);
			path = Equations;
			sourceTree = "<group>";
		};
		534E4D6427B0934600029E55 /* VerificationProblems */ = {
			isa = PBXGroup;
			children = (
				534E4D6527B0936B00029E55 /* VerificationProblems.swift */,
			);
			path = VerificationProblems;
			sourceTree = "<group>";
		};
		538E5087244C93780055911E /* Views */ = {
			isa = PBXGroup;
			children = (
				534BCECB244679380098EE80 /* ContentView.swift */,
				538E5088244C939E0055911E /* EquationsView.swift */,
				538515AC27A4A94C008DAA98 /* FileNamer.swift */,
				538515AE27A5E746008DAA98 /* NewProblemView.swift */,
				534E749727B0089A00CC8943 /* AboutView.swift */,
				534E4D6727B15A4500029E55 /* VerificationProblemsView.swift */,
			);
			path = Views;
			sourceTree = "<group>";
		};
/* End PBXGroup section */

/* Begin PBXNativeTarget section */
		534BCEC3244679380098EE80 /* EquationSolver */ = {
			isa = PBXNativeTarget;
			buildConfigurationList = 534BCED8244679390098EE80 /* Build configuration list for PBXNativeTarget "EquationSolver" */;
			buildPhases = (
				534BCEC0244679380098EE80 /* Sources */,
				534BCEC1244679380098EE80 /* Frameworks */,
				534BCEC2244679380098EE80 /* Resources */,
			);
			buildRules = (
			);
			dependencies = (
			);
			name = EquationSolver;
			productName = EquationSolver;
			productReference = 534BCEC4244679380098EE80 /* EquationSolver.app */;
			productType = "com.apple.product-type.application";
		};
/* End PBXNativeTarget section */

/* Begin PBXProject section */
		534BCEBC244679380098EE80 /* Project object */ = {
			isa = PBXProject;
			attributes = {
				LastSwiftUpdateCheck = 1140;
				LastUpgradeCheck = 1320;
				ORGANIZATIONNAME = "Joseph Jung";
				TargetAttributes = {
					534BCEC3244679380098EE80 = {
						CreatedOnToolsVersion = 11.4;
					};
				};
			};
			buildConfigurationList = 534BCEBF244679380098EE80 /* Build configuration list for PBXProject "EquationSolver" */;
			compatibilityVersion = "Xcode 9.3";
			developmentRegion = en;
			hasScannedForEncodings = 0;
			knownRegions = (
				en,
				Base,
			);
			mainGroup = 534BCEBB244679380098EE80;
			productRefGroup = 534BCEC5244679380098EE80 /* Products */;
			projectDirPath = "";
			projectRoot = "";
			targets = (
				534BCEC3244679380098EE80 /* EquationSolver */,
			);
		};
/* End PBXProject section */

/* Begin PBXResourcesBuildPhase section */
		534BCEC2244679380098EE80 /* Resources */ = {
			isa = PBXResourcesBuildPhase;
			buildActionMask = 2147483647;
			files = (
				534BCED4244679390098EE80 /* LaunchScreen.storyboard in Resources */,
				534BCED1244679390098EE80 /* Preview Assets.xcassets in Resources */,
				534BCECE244679390098EE80 /* Assets.xcassets in Resources */,
			);
			runOnlyForDeploymentPostprocessing = 0;
		};
/* End PBXResourcesBuildPhase section */

/* Begin PBXSourcesBuildPhase section */
		534BCEC0244679380098EE80 /* Sources */ = {
			isa = PBXSourcesBuildPhase;
			buildActionMask = 2147483647;
			files = (
				534BCEC8244679380098EE80 /* AppDelegate.swift in Sources */,
				538515AF27A5E746008DAA98 /* NewProblemView.swift in Sources */,
				534BCEDF24467ACD0098EE80 /* Gauss.swift in Sources */,
				534BCECA244679380098EE80 /* SceneDelegate.swift in Sources */,
				534E749827B0089A00CC8943 /* AboutView.swift in Sources */,
				534BCECC244679380098EE80 /* ContentView.swift in Sources */,
				534BCEE224474CE30098EE80 /* Equations.swift in Sources */,
				538515AD27A4A94C008DAA98 /* FileNamer.swift in Sources */,
				538E5089244C939E0055911E /* EquationsView.swift in Sources */,
				538E50862448EE430055911E /* State.swift in Sources */,
				534E4D6627B0936B00029E55 /* VerificationProblems.swift in Sources */,
				534E4D6827B15A4500029E55 /* VerificationProblemsView.swift in Sources */,
			);
			runOnlyForDeploymentPostprocessing = 0;
		};
/* End PBXSourcesBuildPhase section */

/* Begin PBXVariantGroup section */
		534BCED2244679390098EE80 /* LaunchScreen.storyboard */ = {
			isa = PBXVariantGroup;
			children = (
				534BCED3244679390098EE80 /* Base */,
			);
			name = LaunchScreen.storyboard;
			sourceTree = "<group>";
		};
/* End PBXVariantGroup section */

/* Begin XCBuildConfiguration section */
		534BCED6244679390098EE80 /* Debug */ = {
			isa = XCBuildConfiguration;
			buildSettings = {
				ALWAYS_SEARCH_USER_PATHS = NO;
				CLANG_ANALYZER_NONNULL = YES;
				CLANG_ANALYZER_NUMBER_OBJECT_CONVERSION = YES_AGGRESSIVE;
				CLANG_CXX_LANGUAGE_STANDARD = "gnu++14";
				CLANG_CXX_LIBRARY = "libc++";
				CLANG_ENABLE_MODULES = YES;
				CLANG_ENABLE_OBJC_ARC = YES;
				CLANG_ENABLE_OBJC_WEAK = YES;
				CLANG_WARN_BLOCK_CAPTURE_AUTORELEASING = YES;
				CLANG_WARN_BOOL_CONVERSION = YES;
				CLANG_WARN_COMMA = YES;
				CLANG_WARN_CONSTANT_CONVERSION = YES;
				CLANG_WARN_DEPRECATED_OBJC_IMPLEMENTATIONS = YES;
				CLANG_WARN_DIRECT_OBJC_ISA_USAGE = YES_ERROR;
				CLANG_WARN_DOCUMENTATION_COMMENTS = YES;
				CLANG_WARN_EMPTY_BODY = YES;
				CLANG_WARN_ENUM_CONVERSION = YES;
				CLANG_WARN_INFINITE_RECURSION = YES;
				CLANG_WARN_INT_CONVERSION = YES;
				CLANG_WARN_NON_LITERAL_NULL_CONVERSION = YES;
				CLANG_WARN_OBJC_IMPLICIT_RETAIN_SELF = YES;
				CLANG_WARN_OBJC_LITERAL_CONVERSION = YES;
				CLANG_WARN_OBJC_ROOT_CLASS = YES_ERROR;
				CLANG_WARN_RANGE_LOOP_ANALYSIS = YES;
				CLANG_WARN_STRICT_PROTOTYPES = YES;
				CLANG_WARN_SUSPICIOUS_MOVE = YES;
				CLANG_WARN_UNGUARDED_AVAILABILITY = YES_AGGRESSIVE;
				CLANG_WARN_UNREACHABLE_CODE = YES;
				CLANG_WARN__DUPLICATE_METHOD_MATCH = YES;
				COPY_PHASE_STRIP = NO;
				DEBUG_INFORMATION_FORMAT = dwarf;
				ENABLE_STRICT_OBJC_MSGSEND = YES;
				ENABLE_TESTABILITY = YES;
				GCC_C_LANGUAGE_STANDARD = gnu11;
				GCC_DYNAMIC_NO_PIC = NO;
				GCC_NO_COMMON_BLOCKS = YES;
				GCC_OPTIMIZATION_LEVEL = 0;
				GCC_PREPROCESSOR_DEFINITIONS = (
					"DEBUG=1",
					"$(inherited)",
				);
				GCC_WARN_64_TO_32_BIT_CONVERSION = YES;
				GCC_WARN_ABOUT_RETURN_TYPE = YES_ERROR;
				GCC_WARN_UNDECLARED_SELECTOR = YES;
				GCC_WARN_UNINITIALIZED_AUTOS = YES_AGGRESSIVE;
				GCC_WARN_UNUSED_FUNCTION = YES;
				GCC_WARN_UNUSED_VARIABLE = YES;
				IPHONEOS_DEPLOYMENT_TARGET = 15.2;
				MTL_ENABLE_DEBUG_INFO = INCLUDE_SOURCE;
				MTL_FAST_MATH = YES;
				ONLY_ACTIVE_ARCH = YES;
				SDKROOT = iphoneos;
				SWIFT_ACTIVE_COMPILATION_CONDITIONS = DEBUG;
				SWIFT_OPTIMIZATION_LEVEL = "-Onone";
			};
			name = Debug;
		};
		534BCED7244679390098EE80 /* Release */ = {
			isa = XCBuildConfiguration;
			buildSettings = {
				ALWAYS_SEARCH_USER_PATHS = NO;
				CLANG_ANALYZER_NONNULL = YES;
				CLANG_ANALYZER_NUMBER_OBJECT_CONVERSION = YES_AGGRESSIVE;
				CLANG_CXX_LANGUAGE_STANDARD = "gnu++14";
				CLANG_CXX_LIBRARY = "libc++";
				CLANG_ENABLE_MODULES = YES;
				CLANG_ENABLE_OBJC_ARC = YES;
				CLANG_ENABLE_OBJC_WEAK = YES;
				CLANG_WARN_BLOCK_CAPTURE_AUTORELEASING = YES;
				CLANG_WARN_BOOL_CONVERSION = YES;
				CLANG_WARN_COMMA = YES;
				CLANG_WARN_CONSTANT_CONVERSION = YES;
				CLANG_WARN_DEPRECATED_OBJC_IMPLEMENTATIONS = YES;
				CLANG_WARN_DIRECT_OBJC_ISA_USAGE = YES_ERROR;
				CLANG_WARN_DOCUMENTATION_COMMENTS = YES;
				CLANG_WARN_EMPTY_BODY = YES;
				CLANG_WARN_ENUM_CONVERSION = YES;
				CLANG_WARN_INFINITE_RECURSION = YES;
				CLANG_WARN_INT_CONVERSION = YES;
				CLANG_WARN_NON_LITERAL_NULL_CONVERSION = YES;
				CLANG_WARN_OBJC_IMPLICIT_RETAIN_SELF = YES;
				CLANG_WARN_OBJC_LITERAL_CONVERSION = YES;
				CLANG_WARN_OBJC_ROOT_CLASS = YES_ERROR;
				CLANG_WARN_RANGE_LOOP_ANALYSIS = YES;
				CLANG_WARN_STRICT_PROTOTYPES = YES;
				CLANG_WARN_SUSPICIOUS_MOVE = YES;
				CLANG_WARN_UNGUARDED_AVAILABILITY = YES_AGGRESSIVE;
				CLANG_WARN_UNREACHABLE_CODE = YES;
				CLANG_WARN__DUPLICATE_METHOD_MATCH = YES;
				COPY_PHASE_STRIP = NO;
				DEBUG_INFORMATION_FORMAT = "dwarf-with-dsym";
				ENABLE_NS_ASSERTIONS = NO;
				ENABLE_STRICT_OBJC_MSGSEND = YES;
				GCC_C_LANGUAGE_STANDARD = gnu11;
				GCC_NO_COMMON_BLOCKS = YES;
				GCC_WARN_64_TO_32_BIT_CONVERSION = YES;
				GCC_WARN_ABOUT_RETURN_TYPE = YES_ERROR;
				GCC_WARN_UNDECLARED_SELECTOR = YES;
				GCC_WARN_UNINITIALIZED_AUTOS = YES_AGGRESSIVE;
				GCC_WARN_UNUSED_FUNCTION = YES;
				GCC_WARN_UNUSED_VARIABLE = YES;
				IPHONEOS_DEPLOYMENT_TARGET = 15.2;
				MTL_ENABLE_DEBUG_INFO = NO;
				MTL_FAST_MATH = YES;
				SDKROOT = iphoneos;
				SWIFT_COMPILATION_MODE = wholemodule;
				SWIFT_OPTIMIZATION_LEVEL = "-O";
				VALIDATE_PRODUCT = YES;
			};
			name = Release;
		};
		534BCED9244679390098EE80 /* Debug */ = {
			isa = XCBuildConfiguration;
			buildSettings = {
				ASSETCATALOG_COMPILER_APPICON_NAME = AppIcon;
				CODE_SIGN_STYLE = Automatic;
				DEVELOPMENT_ASSET_PATHS = "\"EquationSolver/Preview Content\"";
				DEVELOPMENT_TEAM = 8GFL38QM4Q;
				ENABLE_PREVIEWS = YES;
				INFOPLIST_FILE = EquationSolver/Info.plist;
				LD_RUNPATH_SEARCH_PATHS = (
					"$(inherited)",
					"@executable_path/Frameworks",
				);
				PRODUCT_BUNDLE_IDENTIFIER = com.CasaAdobeSoftware.EquationSolver;
				PRODUCT_NAME = "$(TARGET_NAME)";
				SWIFT_VERSION = 5.0;
				TARGETED_DEVICE_FAMILY = "1,2";
			};
			name = Debug;
		};
		534BCEDA244679390098EE80 /* Release */ = {
			isa = XCBuildConfiguration;
			buildSettings = {
				ASSETCATALOG_COMPILER_APPICON_NAME = AppIcon;
				CODE_SIGN_STYLE = Automatic;
				DEVELOPMENT_ASSET_PATHS = "\"EquationSolver/Preview Content\"";
				DEVELOPMENT_TEAM = 8GFL38QM4Q;
				ENABLE_PREVIEWS = YES;
				INFOPLIST_FILE = EquationSolver/Info.plist;
				LD_RUNPATH_SEARCH_PATHS = (
					"$(inherited)",
					"@executable_path/Frameworks",
				);
				PRODUCT_BUNDLE_IDENTIFIER = com.CasaAdobeSoftware.EquationSolver;
				PRODUCT_NAME = "$(TARGET_NAME)";
				SWIFT_VERSION = 5.0;
				TARGETED_DEVICE_FAMILY = "1,2";
			};
			name = Release;
		};
/* End XCBuildConfiguration section */

/* Begin XCConfigurationList section */
		534BCEBF244679380098EE80 /* Build configuration list for PBXProject "EquationSolver" */ = {
			isa = XCConfigurationList;
			buildConfigurations = (
				534BCED6244679390098EE80 /* Debug */,
				534BCED7244679390098EE80 /* Release */,
			);
			defaultConfigurationIsVisible = 0;
			defaultConfigurationName = Release;
		};
		534BCED8244679390098EE80 /* Build configuration list for PBXNativeTarget "EquationSolver" */ = {
			isa = XCConfigurationList;
			buildConfigurations = (
				534BCED9244679390098EE80 /* Debug */,
				534BCEDA244679390098EE80 /* Release */,
			);
			defaultConfigurationIsVisible = 0;
			defaultConfigurationName = Release;
		};
/* End XCConfigurationList section */
	};
	rootObject = 534BCEBC244679380098EE80 /* Project object */;
}
